<?xml version="1.0" encoding="utf-8"?>
<Project ToolsVersion="4.0" xmlns="http://schemas.microsoft.com/developer/msbuild/2003">
  <ItemGroup>
    <ClCompile Include="dllmain.cpp" />
    <ClCompile Include="wrapper\Math\Vector2.cpp">
      <Filter>math</Filter>
    </ClCompile>
    <ClCompile Include="wrapper\Math\Vector3.cpp">
      <Filter>math</Filter>
    </ClCompile>
    <ClCompile Include="wrapper\Math\Matrix.cpp">
      <Filter>math</Filter>
    </ClCompile>
    <ClCompile Include="wrapper\Math\Quaternion.cpp">
      <Filter>math</Filter>
    </ClCompile>
    <ClCompile Include="core\core.cpp">
      <Filter>core</Filter>
    </ClCompile>
    <ClCompile Include="core\logs.cpp">
      <Filter>core</Filter>
    </ClCompile>
    <ClCompile Include="hooking\command-hook.cpp">
      <Filter>hooking</Filter>
    </ClCompile>
    <ClCompile Include="hooking\detour-hook.cpp">
      <Filter>hooking</Filter>
    </ClCompile>
    <ClCompile Include="hooking\input-hook.cpp">
      <Filter>hooking</Filter>
    </ClCompile>
    <ClCompile Include="invoker\invoker.cpp">
      <Filter>invoker</Filter>
    </ClCompile>
    <ClCompile Include="logger\file-log.cpp">
      <Filter>logger</Filter>
    </ClCompile>
    <ClCompile Include="logger\log.cpp">
      <Filter>logger</Filter>
    </ClCompile>
    <ClCompile Include="logger\log-mgr.cpp">
      <Filter>logger</Filter>
    </ClCompile>
    <ClCompile Include="logger\helpers.cpp">
      <Filter>logger</Filter>
    </ClCompile>
    <ClCompile Include="memory\memory-location.cpp">
      <Filter>memory</Filter>
    </ClCompile>
    <ClCompile Include="memory\patternscan.cpp">
      <Filter>memory</Filter>
    </ClCompile>
    <ClCompile Include="memory\helpers.cpp">
      <Filter>memory</Filter>
    </ClCompile>
    <ClCompile Include="rage\scrProgram.cpp">
      <Filter>rage</Filter>
    </ClCompile>
    <ClCompile Include="rage\scrThread.cpp">
      <Filter>rage</Filter>
    </ClCompile>
    <ClCompile Include="util\fiber.cpp">
      <Filter>utils</Filter>
    </ClCompile>
    <ClCompile Include="wrapper\Function.cpp">
      <Filter>managed</Filter>
    </ClCompile>
    <ClCompile Include="wrapper\Script.cpp">
      <Filter>managed</Filter>
    </ClCompile>
    <ClCompile Include="wrapper\ScriptDomain.cpp">
      <Filter>managed</Filter>
    </ClCompile>
    <ClCompile Include="wrapper\Input.cpp">
      <Filter>managed</Filter>
    </ClCompile>
    <ClCompile Include="wrapper\Main.cpp">
      <Filter>managed</Filter>
    </ClCompile>
    <ClCompile Include="wrapper\ManagedLog.cpp">
      <Filter>managed</Filter>
    </ClCompile>
  </ItemGroup>
  <ItemGroup>
    <ClInclude Include="types.hpp" />
    <ClInclude Include="wrapper\Math\Vector2.hpp">
      <Filter>math</Filter>
    </ClInclude>
    <ClInclude Include="wrapper\Math\Vector3.hpp">
      <Filter>math</Filter>
    </ClInclude>
    <ClInclude Include="wrapper\Math\Matrix.hpp">
      <Filter>math</Filter>
    </ClInclude>
    <ClInclude Include="wrapper\Math\Quaternion.hpp">
      <Filter>math</Filter>
    </ClInclude>
    <ClInclude Include="core\core.hpp">
      <Filter>core</Filter>
    </ClInclude>
    <ClInclude Include="core\logs.hpp">
      <Filter>core</Filter>
    </ClInclude>
    <ClInclude Include="hooking\command-hook.hpp">
      <Filter>hooking</Filter>
    </ClInclude>
    <ClInclude Include="hooking\detour-hook.hpp">
      <Filter>hooking</Filter>
    </ClInclude>
    <ClInclude Include="hooking\input-hook.hpp">
      <Filter>hooking</Filter>
    </ClInclude>
    <ClInclude Include="invoker\invoker.hpp">
      <Filter>invoker</Filter>
    </ClInclude>
    <ClInclude Include="logger\file-log.hpp">
      <Filter>logger</Filter>
    </ClInclude>
    <ClInclude Include="logger\generic-file-logger.hpp">
      <Filter>logger</Filter>
    </ClInclude>
    <ClInclude Include="logger\generic-logger.hpp">
      <Filter>logger</Filter>
    </ClInclude>
    <ClInclude Include="logger\logging.hpp">
      <Filter>logger</Filter>
    </ClInclude>
    <ClInclude Include="logger\log.hpp">
      <Filter>logger</Filter>
    </ClInclude>
    <ClInclude Include="logger\log-mgr.hpp">
      <Filter>logger</Filter>
    </ClInclude>
    <ClInclude Include="logger\metric-logger.hpp">
      <Filter>logger</Filter>
    </ClInclude>
    <ClInclude Include="logger\helpers.hpp">
      <Filter>logger</Filter>
    </ClInclude>
    <ClInclude Include="memory\memory-location.hpp">
      <Filter>memory</Filter>
    </ClInclude>
    <ClInclude Include="memory\patternscan.hpp">
      <Filter>memory</Filter>
    </ClInclude>
    <ClInclude Include="memory\helpers.hpp">
      <Filter>memory</Filter>
    </ClInclude>
    <ClInclude Include="hash_to_address_table.hpp">
      <Filter>invoker</Filter>
    </ClInclude>
    <ClInclude Include="rage\scrProgram.hpp">
      <Filter>rage</Filter>
    </ClInclude>
    <ClInclude Include="rage\scrThread.hpp">
      <Filter>rage</Filter>
    </ClInclude>
    <ClInclude Include="util\fiber.hpp">
      <Filter>utils</Filter>
    </ClInclude>
    <ClInclude Include="wrapper\Function.h">
      <Filter>managed</Filter>
    </ClInclude>
    <ClInclude Include="wrapper\Script.h">
      <Filter>managed</Filter>
    </ClInclude>
    <ClInclude Include="wrapper\ScriptDomain.h">
      <Filter>managed</Filter>
    </ClInclude>
    <ClInclude Include="wrapper\INativeValue.h">
      <Filter>managed</Filter>
    </ClInclude>
    <ClInclude Include="wrapper\Input.h">
      <Filter>managed</Filter>
    </ClInclude>
    <ClInclude Include="wrapper\Main.hpp">
      <Filter>managed</Filter>
    </ClInclude>
    <ClInclude Include="wrapper\ManagedGlobals.h">
      <Filter>managed</Filter>
    </ClInclude>
    <ClInclude Include="wrapper\ManagedLog.h">
      <Filter>managed</Filter>
    </ClInclude>
    <ClInclude Include="wrapper\NativeHashes.hpp">
      <Filter>managed</Filter>
    </ClInclude>
  </ItemGroup>
  <ItemGroup>
    <Filter Include="core">
      <UniqueIdentifier>{df8b66c2-cd0b-4aec-8d7e-741b3935a031}</UniqueIdentifier>
    </Filter>
    <Filter Include="hooking">
      <UniqueIdentifier>{3f541633-f05e-4eb4-8b15-28e3709c10c4}</UniqueIdentifier>
    </Filter>
    <Filter Include="invoker">
      <UniqueIdentifier>{1f4b6d8c-f1e8-4eab-bfd8-b0cee736dcb4}</UniqueIdentifier>
    </Filter>
    <Filter Include="math">
      <UniqueIdentifier>{60d8671f-8154-4e12-8987-1ea474b814a8}</UniqueIdentifier>
    </Filter>
    <Filter Include="logger">
      <UniqueIdentifier>{dec8220d-7386-4a98-b65b-e5a33e373e0b}</UniqueIdentifier>
    </Filter>
    <Filter Include="memory">
      <UniqueIdentifier>{2dee8ad6-fbd6-40e5-bf75-72bd0655d014}</UniqueIdentifier>
    </Filter>
    <Filter Include="rage">
      <UniqueIdentifier>{cf4c9577-a62c-4904-b3a1-7f92ab760217}</UniqueIdentifier>
    </Filter>
    <Filter Include="utils">
      <UniqueIdentifier>{0c469a7b-3291-40c9-97a2-b4ccf13d46d3}</UniqueIdentifier>
    </Filter>
    <Filter Include="managed">
      <UniqueIdentifier>{8b39271e-ed9a-4454-98e2-a7a4a5faf9b0}</UniqueIdentifier>
    </Filter>
  </ItemGroup>
</Project>